# Generated by pub
# See https://dart.dev/tools/pub/glossary#lockfile
packages:
  email_validator:
    dependency: "direct main"
    description:
      name: email_validator
      sha256: e9a90f27ab2b915a27d7f9c2a7ddda5dd752d6942616ee83529b686fc086221b
      url: "https://pub.dev"
    source: hosted
    version: "2.1.17"
sdks:
  dart: ">=2.16.2 <4.0.0"
